// !$*UTF8*$!
{
	archiveVersion = 1;
	classes = {
	};
	objectVersion = 56;
	objects = {

/* Begin PBXBuildFile section */
		100D63A42A4854F500A67C4F /* DesignSystem in Frameworks */ = {isa = PBXBuildFile; productRef = 100D63A32A4854F500A67C4F /* DesignSystem */; };
		100D63AD2A4857FE00A67C4F /* Helper.swift in Sources */ = {isa = PBXBuildFile; fileRef = 100D63A62A4857FE00A67C4F /* Helper.swift */; };
		100D63AE2A4857FE00A67C4F /* Extensions.swift in Sources */ = {isa = PBXBuildFile; fileRef = 100D63A72A4857FE00A67C4F /* Extensions.swift */; };
		100D63AF2A4857FE00A67C4F /* AudioRecorder.swift in Sources */ = {isa = PBXBuildFile; fileRef = 100D63A82A4857FE00A67C4F /* AudioRecorder.swift */; };
		100D63B02A4857FE00A67C4F /* AudioPlayer.swift in Sources */ = {isa = PBXBuildFile; fileRef = 100D63A92A4857FE00A67C4F /* AudioPlayer.swift */; };
		100D63B12A4857FE00A67C4F /* RecodingView.swift in Sources */ = {isa = PBXBuildFile; fileRef = 100D63AA2A4857FE00A67C4F /* RecodingView.swift */; };
		100D63B22A4857FE00A67C4F /* RecordingDataModel.swift in Sources */ = {isa = PBXBuildFile; fileRef = 100D63AB2A4857FE00A67C4F /* RecordingDataModel.swift */; };
		100D63B32A4857FE00A67C4F /* RecordingsList.swift in Sources */ = {isa = PBXBuildFile; fileRef = 100D63AC2A4857FE00A67C4F /* RecordingsList.swift */; };
		1070496B2A4DC8B70060C8D2 /* synth.swift in Sources */ = {isa = PBXBuildFile; fileRef = 1070496A2A4DC8B70060C8D2 /* synth.swift */; };
		107049712A4DE5DC0060C8D2 /* WrappingHStack in Frameworks */ = {isa = PBXBuildFile; productRef = 107049702A4DE5DC0060C8D2 /* WrappingHStack */; };
		107049742A4DED5E0060C8D2 /* DictionaryModel.swift in Sources */ = {isa = PBXBuildFile; fileRef = 107049732A4DED5E0060C8D2 /* DictionaryModel.swift */; };
		1070497A2A4DEE150060C8D2 /* HTTPStatusCode.swift in Sources */ = {isa = PBXBuildFile; fileRef = 107049772A4DEE140060C8D2 /* HTTPStatusCode.swift */; };
		1070497B2A4DEE150060C8D2 /* APIError.swift in Sources */ = {isa = PBXBuildFile; fileRef = 107049782A4DEE140060C8D2 /* APIError.swift */; };
		1070497C2A4DEE150060C8D2 /* CombineAPIClient.swift in Sources */ = {isa = PBXBuildFile; fileRef = 107049792A4DEE150060C8D2 /* CombineAPIClient.swift */; };
		107049802A4DEE260060C8D2 /* DictionaryAPIRequest.swift in Sources */ = {isa = PBXBuildFile; fileRef = 1070497E2A4DEE260060C8D2 /* DictionaryAPIRequest.swift */; };
		107049812A4DEE260060C8D2 /* APIRequest.swift in Sources */ = {isa = PBXBuildFile; fileRef = 1070497F2A4DEE260060C8D2 /* APIRequest.swift */; };
		107049842A4DF0CD0060C8D2 /* DictionaryView.swift in Sources */ = {isa = PBXBuildFile; fileRef = 107049832A4DF0CD0060C8D2 /* DictionaryView.swift */; };
		107049862A4DF0E00060C8D2 /* DictionaryViewModel.swift in Sources */ = {isa = PBXBuildFile; fileRef = 107049852A4DF0E00060C8D2 /* DictionaryViewModel.swift */; };
		107853672A570F4100FE5B33 /* Word.swift in Sources */ = {isa = PBXBuildFile; fileRef = 107853662A570F4100FE5B33 /* Word.swift */; };
		1078536A2A570F9200FE5B33 /* StringExtensions.swift in Sources */ = {isa = PBXBuildFile; fileRef = 107853692A570F9200FE5B33 /* StringExtensions.swift */; };
		1078536D2A57120200FE5B33 /* ActivityIndicatorView in Frameworks */ = {isa = PBXBuildFile; productRef = 1078536C2A57120200FE5B33 /* ActivityIndicatorView */; };
		1078536F2A57447500FE5B33 /* .gitignore in Resources */ = {isa = PBXBuildFile; fileRef = 1078536E2A57447400FE5B33 /* .gitignore */; };
		107853712A5744F900FE5B33 /* ArrayExtesnions.swift in Sources */ = {isa = PBXBuildFile; fileRef = 107853702A5744F900FE5B33 /* ArrayExtesnions.swift */; };
		107853742A57454900FE5B33 /* WordListView.swift in Sources */ = {isa = PBXBuildFile; fileRef = 107853732A57454900FE5B33 /* WordListView.swift */; };
		107853772A574B6700FE5B33 /* PronunciationAssessmenMamager.swift in Sources */ = {isa = PBXBuildFile; fileRef = 107853762A574B6700FE5B33 /* PronunciationAssessmenMamager.swift */; };
		10D77C702A5B03120032DB98 /* WordListViewModel.swift in Sources */ = {isa = PBXBuildFile; fileRef = 10D77C6F2A5B03110032DB98 /* WordListViewModel.swift */; };
		10FAAECF2A5234CE00CB547E /* AnimatedWaveform in Frameworks */ = {isa = PBXBuildFile; productRef = 10FAAECE2A5234CE00CB547E /* AnimatedWaveform */; };
		8A6BDF022A5C375600E52051 /* ResultView.swift in Sources */ = {isa = PBXBuildFile; fileRef = 8A6BDF012A5C375600E52051 /* ResultView.swift */; };
		8A6BDF052A5C3B4100E52051 /* OnBordingView.swift in Sources */ = {isa = PBXBuildFile; fileRef = 8A6BDF042A5C3B4100E52051 /* OnBordingView.swift */; };
		8A6BDF072A5C4E0300E52051 /* OnBordingViewModel.swift in Sources */ = {isa = PBXBuildFile; fileRef = 8A6BDF062A5C4E0300E52051 /* OnBordingViewModel.swift */; };
		A76DD8289424B0E8066674B2 /* Pods_Read_and_Learn.framework in Frameworks */ = {isa = PBXBuildFile; fileRef = 9A504E0E39239536B5052E15 /* Pods_Read_and_Learn.framework */; };
		FC1248F329FFEFC9006A5668 /* Read_and_LearnApp.swift in Sources */ = {isa = PBXBuildFile; fileRef = FC1248F229FFEFC9006A5668 /* Read_and_LearnApp.swift */; };
		FC1248F529FFEFC9006A5668 /* MainView.swift in Sources */ = {isa = PBXBuildFile; fileRef = FC1248F429FFEFC9006A5668 /* MainView.swift */; };
		FC1248F729FFEFCA006A5668 /* Assets.xcassets in Resources */ = {isa = PBXBuildFile; fileRef = FC1248F629FFEFCA006A5668 /* Assets.xcassets */; };
		FC1248FA29FFEFCA006A5668 /* Preview Assets.xcassets in Resources */ = {isa = PBXBuildFile; fileRef = FC1248F929FFEFCA006A5668 /* Preview Assets.xcassets */; };
		FC12490229FFF065006A5668 /* MainViewModel.swift in Sources */ = {isa = PBXBuildFile; fileRef = FC12490129FFF065006A5668 /* MainViewModel.swift */; };
		FC12490429FFF08F006A5668 /* TabBarItem.swift in Sources */ = {isa = PBXBuildFile; fileRef = FC12490329FFF08F006A5668 /* TabBarItem.swift */; };
		FC12490929FFF262006A5668 /* DesignSystem in Frameworks */ = {isa = PBXBuildFile; productRef = FC12490829FFF262006A5668 /* DesignSystem */; };
		FC1D5FD32A28C5EE0056413A /* DetailsViewModel.swift in Sources */ = {isa = PBXBuildFile; fileRef = FC1D5FD22A28C5EE0056413A /* DetailsViewModel.swift */; };
		FC1D5FD52A28C6060056413A /* DetailsView.swift in Sources */ = {isa = PBXBuildFile; fileRef = FC1D5FD42A28C6060056413A /* DetailsView.swift */; };
		FC7B9F8429FFF8A5003DC39A /* HomeView.swift in Sources */ = {isa = PBXBuildFile; fileRef = FC7B9F8329FFF8A5003DC39A /* HomeView.swift */; };
		FC7B9F8629FFF9F9003DC39A /* HomeViewModel.swift in Sources */ = {isa = PBXBuildFile; fileRef = FC7B9F8529FFF9F9003DC39A /* HomeViewModel.swift */; };
/* End PBXBuildFile section */

/* Begin PBXFileReference section */
		100D63A62A4857FE00A67C4F /* Helper.swift */ = {isa = PBXFileReference; fileEncoding = 4; lastKnownFileType = sourcecode.swift; path = Helper.swift; sourceTree = "<group>"; };
		100D63A72A4857FE00A67C4F /* Extensions.swift */ = {isa = PBXFileReference; fileEncoding = 4; lastKnownFileType = sourcecode.swift; path = Extensions.swift; sourceTree = "<group>"; };
		100D63A82A4857FE00A67C4F /* AudioRecorder.swift */ = {isa = PBXFileReference; fileEncoding = 4; lastKnownFileType = sourcecode.swift; path = AudioRecorder.swift; sourceTree = "<group>"; };
		100D63A92A4857FE00A67C4F /* AudioPlayer.swift */ = {isa = PBXFileReference; fileEncoding = 4; lastKnownFileType = sourcecode.swift; path = AudioPlayer.swift; sourceTree = "<group>"; };
		100D63AA2A4857FE00A67C4F /* RecodingView.swift */ = {isa = PBXFileReference; fileEncoding = 4; lastKnownFileType = sourcecode.swift; path = RecodingView.swift; sourceTree = "<group>"; };
		100D63AB2A4857FE00A67C4F /* RecordingDataModel.swift */ = {isa = PBXFileReference; fileEncoding = 4; lastKnownFileType = sourcecode.swift; path = RecordingDataModel.swift; sourceTree = "<group>"; };
		100D63AC2A4857FE00A67C4F /* RecordingsList.swift */ = {isa = PBXFileReference; fileEncoding = 4; lastKnownFileType = sourcecode.swift; path = RecordingsList.swift; sourceTree = "<group>"; };
		1070496A2A4DC8B70060C8D2 /* synth.swift */ = {isa = PBXFileReference; fileEncoding = 4; lastKnownFileType = sourcecode.swift; path = synth.swift; sourceTree = "<group>"; };
		107049732A4DED5E0060C8D2 /* DictionaryModel.swift */ = {isa = PBXFileReference; lastKnownFileType = sourcecode.swift; path = DictionaryModel.swift; sourceTree = "<group>"; };
		107049772A4DEE140060C8D2 /* HTTPStatusCode.swift */ = {isa = PBXFileReference; fileEncoding = 4; lastKnownFileType = sourcecode.swift; path = HTTPStatusCode.swift; sourceTree = "<group>"; };
		107049782A4DEE140060C8D2 /* APIError.swift */ = {isa = PBXFileReference; fileEncoding = 4; lastKnownFileType = sourcecode.swift; path = APIError.swift; sourceTree = "<group>"; };
		107049792A4DEE150060C8D2 /* CombineAPIClient.swift */ = {isa = PBXFileReference; fileEncoding = 4; lastKnownFileType = sourcecode.swift; path = CombineAPIClient.swift; sourceTree = "<group>"; };
		1070497E2A4DEE260060C8D2 /* DictionaryAPIRequest.swift */ = {isa = PBXFileReference; fileEncoding = 4; lastKnownFileType = sourcecode.swift; path = DictionaryAPIRequest.swift; sourceTree = "<group>"; };
		1070497F2A4DEE260060C8D2 /* APIRequest.swift */ = {isa = PBXFileReference; fileEncoding = 4; lastKnownFileType = sourcecode.swift; path = APIRequest.swift; sourceTree = "<group>"; };
		107049832A4DF0CD0060C8D2 /* DictionaryView.swift */ = {isa = PBXFileReference; lastKnownFileType = sourcecode.swift; path = DictionaryView.swift; sourceTree = "<group>"; };
		107049852A4DF0E00060C8D2 /* DictionaryViewModel.swift */ = {isa = PBXFileReference; lastKnownFileType = sourcecode.swift; path = DictionaryViewModel.swift; sourceTree = "<group>"; };
		107853662A570F4100FE5B33 /* Word.swift */ = {isa = PBXFileReference; lastKnownFileType = sourcecode.swift; path = Word.swift; sourceTree = "<group>"; };
		107853692A570F9200FE5B33 /* StringExtensions.swift */ = {isa = PBXFileReference; lastKnownFileType = sourcecode.swift; path = StringExtensions.swift; sourceTree = "<group>"; };
		1078536E2A57447400FE5B33 /* .gitignore */ = {isa = PBXFileReference; fileEncoding = 4; lastKnownFileType = text; path = .gitignore; sourceTree = "<group>"; };
		107853702A5744F900FE5B33 /* ArrayExtesnions.swift */ = {isa = PBXFileReference; lastKnownFileType = sourcecode.swift; path = ArrayExtesnions.swift; sourceTree = "<group>"; };
		107853732A57454900FE5B33 /* WordListView.swift */ = {isa = PBXFileReference; lastKnownFileType = sourcecode.swift; path = WordListView.swift; sourceTree = "<group>"; };
		107853762A574B6700FE5B33 /* PronunciationAssessmenMamager.swift */ = {isa = PBXFileReference; lastKnownFileType = sourcecode.swift; path = PronunciationAssessmenMamager.swift; sourceTree = "<group>"; };
		10D77C6F2A5B03110032DB98 /* WordListViewModel.swift */ = {isa = PBXFileReference; lastKnownFileType = sourcecode.swift; path = WordListViewModel.swift; sourceTree = "<group>"; };
		5D30D2C4CAE973664B67954D /* Pods-Read and Learn.debug.xcconfig */ = {isa = PBXFileReference; includeInIndex = 1; lastKnownFileType = text.xcconfig; name = "Pods-Read and Learn.debug.xcconfig"; path = "Target Support Files/Pods-Read and Learn/Pods-Read and Learn.debug.xcconfig"; sourceTree = "<group>"; };
		8A6BDF012A5C375600E52051 /* ResultView.swift */ = {isa = PBXFileReference; lastKnownFileType = sourcecode.swift; path = ResultView.swift; sourceTree = "<group>"; };
		8A6BDF042A5C3B4100E52051 /* OnBordingView.swift */ = {isa = PBXFileReference; lastKnownFileType = sourcecode.swift; path = OnBordingView.swift; sourceTree = "<group>"; };
		8A6BDF062A5C4E0300E52051 /* OnBordingViewModel.swift */ = {isa = PBXFileReference; lastKnownFileType = sourcecode.swift; path = OnBordingViewModel.swift; sourceTree = "<group>"; };
		9A504E0E39239536B5052E15 /* Pods_Read_and_Learn.framework */ = {isa = PBXFileReference; explicitFileType = wrapper.framework; includeInIndex = 0; path = Pods_Read_and_Learn.framework; sourceTree = BUILT_PRODUCTS_DIR; };
		BCB9C59A0EC935A694CA9C07 /* Pods-Read and Learn.release.xcconfig */ = {isa = PBXFileReference; includeInIndex = 1; lastKnownFileType = text.xcconfig; name = "Pods-Read and Learn.release.xcconfig"; path = "Target Support Files/Pods-Read and Learn/Pods-Read and Learn.release.xcconfig"; sourceTree = "<group>"; };
		FC1248EF29FFEFC9006A5668 /* Read and Learn.app */ = {isa = PBXFileReference; explicitFileType = wrapper.application; includeInIndex = 0; path = "Read and Learn.app"; sourceTree = BUILT_PRODUCTS_DIR; };
		FC1248F229FFEFC9006A5668 /* Read_and_LearnApp.swift */ = {isa = PBXFileReference; lastKnownFileType = sourcecode.swift; path = Read_and_LearnApp.swift; sourceTree = "<group>"; };
		FC1248F429FFEFC9006A5668 /* MainView.swift */ = {isa = PBXFileReference; lastKnownFileType = sourcecode.swift; path = MainView.swift; sourceTree = "<group>"; };
		FC1248F629FFEFCA006A5668 /* Assets.xcassets */ = {isa = PBXFileReference; lastKnownFileType = folder.assetcatalog; path = Assets.xcassets; sourceTree = "<group>"; };
		FC1248F929FFEFCA006A5668 /* Preview Assets.xcassets */ = {isa = PBXFileReference; lastKnownFileType = folder.assetcatalog; path = "Preview Assets.xcassets"; sourceTree = "<group>"; };
		FC12490129FFF065006A5668 /* MainViewModel.swift */ = {isa = PBXFileReference; lastKnownFileType = sourcecode.swift; path = MainViewModel.swift; sourceTree = "<group>"; };
		FC12490329FFF08F006A5668 /* TabBarItem.swift */ = {isa = PBXFileReference; lastKnownFileType = sourcecode.swift; path = TabBarItem.swift; sourceTree = "<group>"; };
		FC1D5FD22A28C5EE0056413A /* DetailsViewModel.swift */ = {isa = PBXFileReference; lastKnownFileType = sourcecode.swift; path = DetailsViewModel.swift; sourceTree = "<group>"; };
		FC1D5FD42A28C6060056413A /* DetailsView.swift */ = {isa = PBXFileReference; lastKnownFileType = sourcecode.swift; path = DetailsView.swift; sourceTree = "<group>"; };
		FC7B9F8329FFF8A5003DC39A /* HomeView.swift */ = {isa = PBXFileReference; lastKnownFileType = sourcecode.swift; path = HomeView.swift; sourceTree = "<group>"; };
		FC7B9F8529FFF9F9003DC39A /* HomeViewModel.swift */ = {isa = PBXFileReference; lastKnownFileType = sourcecode.swift; path = HomeViewModel.swift; sourceTree = "<group>"; };
/* End PBXFileReference section */

/* Begin PBXFrameworksBuildPhase section */
		FC1248EC29FFEFC9006A5668 /* Frameworks */ = {
			isa = PBXFrameworksBuildPhase;
			buildActionMask = 2147483647;
			files = (
				FC12490929FFF262006A5668 /* DesignSystem in Frameworks */,
				107049712A4DE5DC0060C8D2 /* WrappingHStack in Frameworks */,
				10FAAECF2A5234CE00CB547E /* AnimatedWaveform in Frameworks */,
				100D63A42A4854F500A67C4F /* DesignSystem in Frameworks */,
				1078536D2A57120200FE5B33 /* ActivityIndicatorView in Frameworks */,
				A76DD8289424B0E8066674B2 /* Pods_Read_and_Learn.framework in Frameworks */,
			);
			runOnlyForDeploymentPostprocessing = 0;
		};
/* End PBXFrameworksBuildPhase section */

/* Begin PBXGroup section */
		100D63A52A4857D600A67C4F /* Recording View */ = {
			isa = PBXGroup;
			children = (
				100D63A92A4857FE00A67C4F /* AudioPlayer.swift */,
				100D63A82A4857FE00A67C4F /* AudioRecorder.swift */,
				100D63AA2A4857FE00A67C4F /* RecodingView.swift */,
				100D63A72A4857FE00A67C4F /* Extensions.swift */,
				100D63A62A4857FE00A67C4F /* Helper.swift */,
				100D63AB2A4857FE00A67C4F /* RecordingDataModel.swift */,
				100D63AC2A4857FE00A67C4F /* RecordingsList.swift */,
			);
			path = "Recording View";
			sourceTree = "<group>";
		};
		107049722A4DED440060C8D2 /* Model */ = {
			isa = PBXGroup;
			children = (
				107049732A4DED5E0060C8D2 /* DictionaryModel.swift */,
				107853662A570F4100FE5B33 /* Word.swift */,
			);
			path = Model;
			sourceTree = "<group>";
		};
		107049752A4DEDE70060C8D2 /* NetworkLayer */ = {
			isa = PBXGroup;
			children = (
				1070497D2A4DEE1E0060C8D2 /* APIRequests */,
				107049762A4DEDF40060C8D2 /* API Client */,
			);
			path = NetworkLayer;
			sourceTree = "<group>";
		};
		107049762A4DEDF40060C8D2 /* API Client */ = {
			isa = PBXGroup;
			children = (
				107049782A4DEE140060C8D2 /* APIError.swift */,
				107049792A4DEE150060C8D2 /* CombineAPIClient.swift */,
				107049772A4DEE140060C8D2 /* HTTPStatusCode.swift */,
			);
			path = "API Client";
			sourceTree = "<group>";
		};
		1070497D2A4DEE1E0060C8D2 /* APIRequests */ = {
			isa = PBXGroup;
			children = (
				1070497F2A4DEE260060C8D2 /* APIRequest.swift */,
				1070497E2A4DEE260060C8D2 /* DictionaryAPIRequest.swift */,
			);
			path = APIRequests;
			sourceTree = "<group>";
		};
		107049822A4DF0B30060C8D2 /* Dictionary View */ = {
			isa = PBXGroup;
			children = (
				107049832A4DF0CD0060C8D2 /* DictionaryView.swift */,
				107049852A4DF0E00060C8D2 /* DictionaryViewModel.swift */,
			);
			path = "Dictionary View";
			sourceTree = "<group>";
		};
		107853682A570F7200FE5B33 /* Extensions */ = {
			isa = PBXGroup;
			children = (
				107853692A570F9200FE5B33 /* StringExtensions.swift */,
				107853702A5744F900FE5B33 /* ArrayExtesnions.swift */,
			);
			path = Extensions;
			sourceTree = "<group>";
		};
		107853722A57453A00FE5B33 /* Practice View */ = {
			isa = PBXGroup;
			children = (
				107853732A57454900FE5B33 /* WordListView.swift */,
				10D77C6F2A5B03110032DB98 /* WordListViewModel.swift */,
			);
			path = "Practice View";
			sourceTree = "<group>";
		};
		107853752A574B5C00FE5B33 /* Pronunciation Assessmen Mamager */ = {
			isa = PBXGroup;
			children = (
				107853762A574B6700FE5B33 /* PronunciationAssessmenMamager.swift */,
			);
			path = "Pronunciation Assessmen Mamager";
			sourceTree = "<group>";
		};
		8A6BDF032A5C3B2D00E52051 /* OnBording View */ = {
			isa = PBXGroup;
			children = (
				8A6BDF042A5C3B4100E52051 /* OnBordingView.swift */,
				8A6BDF062A5C4E0300E52051 /* OnBordingViewModel.swift */,
			);
			path = "OnBording View";
			sourceTree = "<group>";
		};
		9F94F8241E0175FA0FD7B3B7 /* Pods */ = {
			isa = PBXGroup;
			children = (
				5D30D2C4CAE973664B67954D /* Pods-Read and Learn.debug.xcconfig */,
				BCB9C59A0EC935A694CA9C07 /* Pods-Read and Learn.release.xcconfig */,
			);
			path = Pods;
			sourceTree = "<group>";
		};
		FC1248E629FFEFC9006A5668 = {
			isa = PBXGroup;
			children = (
				FC1248F129FFEFC9006A5668 /* Read and Learn */,
				FC1248F029FFEFC9006A5668 /* Products */,
				FC12490729FFF262006A5668 /* Frameworks */,
				9F94F8241E0175FA0FD7B3B7 /* Pods */,
			);
			sourceTree = "<group>";
		};
		FC1248F029FFEFC9006A5668 /* Products */ = {
			isa = PBXGroup;
			children = (
				FC1248EF29FFEFC9006A5668 /* Read and Learn.app */,
			);
			name = Products;
			sourceTree = "<group>";
		};
		FC1248F129FFEFC9006A5668 /* Read and Learn */ = {
			isa = PBXGroup;
			children = (
				107853752A574B5C00FE5B33 /* Pronunciation Assessmen Mamager */,
				1078536E2A57447400FE5B33 /* .gitignore */,
				107853682A570F7200FE5B33 /* Extensions */,
				107049752A4DEDE70060C8D2 /* NetworkLayer */,
				107049722A4DED440060C8D2 /* Model */,
				100D63A52A4857D600A67C4F /* Recording View */,
				FC1248F229FFEFC9006A5668 /* Read_and_LearnApp.swift */,
				FC12490029FFF057006A5668 /* MainView */,
				FC1248F629FFEFCA006A5668 /* Assets.xcassets */,
				FC1248F829FFEFCA006A5668 /* Preview Content */,
			);
			path = "Read and Learn";
			sourceTree = "<group>";
		};
		FC1248F829FFEFCA006A5668 /* Preview Content */ = {
			isa = PBXGroup;
			children = (
				FC1248F929FFEFCA006A5668 /* Preview Assets.xcassets */,
			);
			path = "Preview Content";
			sourceTree = "<group>";
		};
		FC12490029FFF057006A5668 /* MainView */ = {
			isa = PBXGroup;
			children = (
				8A6BDF032A5C3B2D00E52051 /* OnBording View */,
				107853722A57453A00FE5B33 /* Practice View */,
				107049822A4DF0B30060C8D2 /* Dictionary View */,
				FC1D5FD12A28C5E20056413A /* Details View */,
				FC7B9F8229FFF899003DC39A /* HomeView */,
				FC1248F429FFEFC9006A5668 /* MainView.swift */,
				FC12490129FFF065006A5668 /* MainViewModel.swift */,
				FC12490329FFF08F006A5668 /* TabBarItem.swift */,
			);
			path = MainView;
			sourceTree = "<group>";
		};
		FC12490729FFF262006A5668 /* Frameworks */ = {
			isa = PBXGroup;
			children = (
				9A504E0E39239536B5052E15 /* Pods_Read_and_Learn.framework */,
			);
			name = Frameworks;
			sourceTree = "<group>";
		};
		FC1D5FD12A28C5E20056413A /* Details View */ = {
			isa = PBXGroup;
			children = (
				FC1D5FD22A28C5EE0056413A /* DetailsViewModel.swift */,
				1070496A2A4DC8B70060C8D2 /* synth.swift */,
				FC1D5FD42A28C6060056413A /* DetailsView.swift */,
				8A6BDF012A5C375600E52051 /* ResultView.swift */,
			);
			path = "Details View";
			sourceTree = "<group>";
		};
		FC7B9F8229FFF899003DC39A /* HomeView */ = {
			isa = PBXGroup;
			children = (
				FC7B9F8329FFF8A5003DC39A /* HomeView.swift */,
				FC7B9F8529FFF9F9003DC39A /* HomeViewModel.swift */,
			);
			path = HomeView;
			sourceTree = "<group>";
		};
/* End PBXGroup section */

/* Begin PBXNativeTarget section */
		FC1248EE29FFEFC9006A5668 /* Read and Learn */ = {
			isa = PBXNativeTarget;
			buildConfigurationList = FC1248FD29FFEFCA006A5668 /* Build configuration list for PBXNativeTarget "Read and Learn" */;
			buildPhases = (
				9BC6CD0A0D1B5DCC76BDF838 /* [CP] Check Pods Manifest.lock */,
				FC1248EB29FFEFC9006A5668 /* Sources */,
				FC1248EC29FFEFC9006A5668 /* Frameworks */,
				FC1248ED29FFEFC9006A5668 /* Resources */,
				35C7384AB4C729529F16B0A3 /* [CP] Embed Pods Frameworks */,
			);
			buildRules = (
			);
			dependencies = (
			);
			name = "Read and Learn";
			packageProductDependencies = (
				FC12490829FFF262006A5668 /* DesignSystem */,
				100D63A32A4854F500A67C4F /* DesignSystem */,
				107049702A4DE5DC0060C8D2 /* WrappingHStack */,
				10FAAECE2A5234CE00CB547E /* AnimatedWaveform */,
				1078536C2A57120200FE5B33 /* ActivityIndicatorView */,
			);
			productName = "Read and Learn";
			productReference = FC1248EF29FFEFC9006A5668 /* Read and Learn.app */;
			productType = "com.apple.product-type.application";
		};
/* End PBXNativeTarget section */

/* Begin PBXProject section */
		FC1248E729FFEFC9006A5668 /* Project object */ = {
			isa = PBXProject;
			attributes = {
				BuildIndependentTargetsInParallel = 1;
				LastSwiftUpdateCheck = 1410;
				LastUpgradeCheck = 1410;
				TargetAttributes = {
					FC1248EE29FFEFC9006A5668 = {
						CreatedOnToolsVersion = 14.1;
					};
				};
			};
			buildConfigurationList = FC1248EA29FFEFC9006A5668 /* Build configuration list for PBXProject "Read and Learn" */;
			compatibilityVersion = "Xcode 14.0";
			developmentRegion = en;
			hasScannedForEncodings = 0;
			knownRegions = (
				en,
				Base,
			);
			mainGroup = FC1248E629FFEFC9006A5668;
			packageReferences = (
				100D63A22A4854F500A67C4F /* XCRemoteSwiftPackageReference "DesignSystem" */,
				1070496F2A4DE5DC0060C8D2 /* XCRemoteSwiftPackageReference "WrappingHStack" */,
				10FAAECD2A5234CE00CB547E /* XCRemoteSwiftPackageReference "AnimatedWaveform" */,
				1078536B2A57120200FE5B33 /* XCRemoteSwiftPackageReference "ActivityIndicatorView" */,
			);
			productRefGroup = FC1248F029FFEFC9006A5668 /* Products */;
			projectDirPath = "";
			projectRoot = "";
			targets = (
				FC1248EE29FFEFC9006A5668 /* Read and Learn */,
			);
		};
/* End PBXProject section */

/* Begin PBXResourcesBuildPhase section */
		FC1248ED29FFEFC9006A5668 /* Resources */ = {
			isa = PBXResourcesBuildPhase;
			buildActionMask = 2147483647;
			files = (
				FC1248FA29FFEFCA006A5668 /* Preview Assets.xcassets in Resources */,
				1078536F2A57447500FE5B33 /* .gitignore in Resources */,
				FC1248F729FFEFCA006A5668 /* Assets.xcassets in Resources */,
			);
			runOnlyForDeploymentPostprocessing = 0;
		};
/* End PBXResourcesBuildPhase section */

/* Begin PBXShellScriptBuildPhase section */
		35C7384AB4C729529F16B0A3 /* [CP] Embed Pods Frameworks */ = {
			isa = PBXShellScriptBuildPhase;
			buildActionMask = 2147483647;
			files = (
			);
			inputFileListPaths = (
				"${PODS_ROOT}/Target Support Files/Pods-Read and Learn/Pods-Read and Learn-frameworks-${CONFIGURATION}-input-files.xcfilelist",
			);
			name = "[CP] Embed Pods Frameworks";
			outputFileListPaths = (
				"${PODS_ROOT}/Target Support Files/Pods-Read and Learn/Pods-Read and Learn-frameworks-${CONFIGURATION}-output-files.xcfilelist",
			);
			runOnlyForDeploymentPostprocessing = 0;
			shellPath = /bin/sh;
			shellScript = "\"${PODS_ROOT}/Target Support Files/Pods-Read and Learn/Pods-Read and Learn-frameworks.sh\"\n";
			showEnvVarsInLog = 0;
		};
		9BC6CD0A0D1B5DCC76BDF838 /* [CP] Check Pods Manifest.lock */ = {
			isa = PBXShellScriptBuildPhase;
			buildActionMask = 2147483647;
			files = (
			);
			inputFileListPaths = (
			);
			inputPaths = (
				"${PODS_PODFILE_DIR_PATH}/Podfile.lock",
				"${PODS_ROOT}/Manifest.lock",
			);
			name = "[CP] Check Pods Manifest.lock";
			outputFileListPaths = (
			);
			outputPaths = (
				"$(DERIVED_FILE_DIR)/Pods-Read and Learn-checkManifestLockResult.txt",
			);
			runOnlyForDeploymentPostprocessing = 0;
			shellPath = /bin/sh;
			shellScript = "diff \"${PODS_PODFILE_DIR_PATH}/Podfile.lock\" \"${PODS_ROOT}/Manifest.lock\" > /dev/null\nif [ $? != 0 ] ; then\n    # print error to STDERR\n    echo \"error: The sandbox is not in sync with the Podfile.lock. Run 'pod install' or update your CocoaPods installation.\" >&2\n    exit 1\nfi\n# This output is used by Xcode 'outputs' to avoid re-running this script phase.\necho \"SUCCESS\" > \"${SCRIPT_OUTPUT_FILE_0}\"\n";
			showEnvVarsInLog = 0;
		};
/* End PBXShellScriptBuildPhase section */

/* Begin PBXSourcesBuildPhase section */
		FC1248EB29FFEFC9006A5668 /* Sources */ = {
			isa = PBXSourcesBuildPhase;
			buildActionMask = 2147483647;
			files = (
				FC1248F529FFEFC9006A5668 /* MainView.swift in Sources */,
				FC7B9F8629FFF9F9003DC39A /* HomeViewModel.swift in Sources */,
				FC1248F329FFEFC9006A5668 /* Read_and_LearnApp.swift in Sources */,
				FC12490429FFF08F006A5668 /* TabBarItem.swift in Sources */,
				8A6BDF022A5C375600E52051 /* ResultView.swift in Sources */,
				10D77C702A5B03120032DB98 /* WordListViewModel.swift in Sources */,
				FC1D5FD32A28C5EE0056413A /* DetailsViewModel.swift in Sources */,
				100D63AF2A4857FE00A67C4F /* AudioRecorder.swift in Sources */,
				107049862A4DF0E00060C8D2 /* DictionaryViewModel.swift in Sources */,
				1070497A2A4DEE150060C8D2 /* HTTPStatusCode.swift in Sources */,
				1070497C2A4DEE150060C8D2 /* CombineAPIClient.swift in Sources */,
				8A6BDF072A5C4E0300E52051 /* OnBordingViewModel.swift in Sources */,
				8A6BDF052A5C3B4100E52051 /* OnBordingView.swift in Sources */,
				100D63AE2A4857FE00A67C4F /* Extensions.swift in Sources */,
				1070497B2A4DEE150060C8D2 /* APIError.swift in Sources */,
				107853742A57454900FE5B33 /* WordListView.swift in Sources */,
				100D63AD2A4857FE00A67C4F /* Helper.swift in Sources */,
				FC1D5FD52A28C6060056413A /* DetailsView.swift in Sources */,
				100D63B22A4857FE00A67C4F /* RecordingDataModel.swift in Sources */,
				FC7B9F8429FFF8A5003DC39A /* HomeView.swift in Sources */,
				100D63B12A4857FE00A67C4F /* RecodingView.swift in Sources */,
				107853772A574B6700FE5B33 /* PronunciationAssessmenMamager.swift in Sources */,
				1070496B2A4DC8B70060C8D2 /* synth.swift in Sources */,
				107853712A5744F900FE5B33 /* ArrayExtesnions.swift in Sources */,
				107853672A570F4100FE5B33 /* Word.swift in Sources */,
				100D63B32A4857FE00A67C4F /* RecordingsList.swift in Sources */,
				107049842A4DF0CD0060C8D2 /* DictionaryView.swift in Sources */,
				107049742A4DED5E0060C8D2 /* DictionaryModel.swift in Sources */,
				107049812A4DEE260060C8D2 /* APIRequest.swift in Sources */,
				FC12490229FFF065006A5668 /* MainViewModel.swift in Sources */,
				100D63B02A4857FE00A67C4F /* AudioPlayer.swift in Sources */,
				1078536A2A570F9200FE5B33 /* StringExtensions.swift in Sources */,
				107049802A4DEE260060C8D2 /* DictionaryAPIRequest.swift in Sources */,
			);
			runOnlyForDeploymentPostprocessing = 0;
		};
/* End PBXSourcesBuildPhase section */

/* Begin XCBuildConfiguration section */
		FC1248FB29FFEFCA006A5668 /* Debug */ = {
			isa = XCBuildConfiguration;
			buildSettings = {
				ALWAYS_SEARCH_USER_PATHS = NO;
				CLANG_ANALYZER_NONNULL = YES;
				CLANG_ANALYZER_NUMBER_OBJECT_CONVERSION = YES_AGGRESSIVE;
				CLANG_CXX_LANGUAGE_STANDARD = "gnu++20";
				CLANG_ENABLE_MODULES = YES;
				CLANG_ENABLE_OBJC_ARC = YES;
				CLANG_ENABLE_OBJC_WEAK = YES;
				CLANG_WARN_BLOCK_CAPTURE_AUTORELEASING = YES;
				CLANG_WARN_BOOL_CONVERSION = YES;
				CLANG_WARN_COMMA = YES;
				CLANG_WARN_CONSTANT_CONVERSION = YES;
				CLANG_WARN_DEPRECATED_OBJC_IMPLEMENTATIONS = YES;
				CLANG_WARN_DIRECT_OBJC_ISA_USAGE = YES_ERROR;
				CLANG_WARN_DOCUMENTATION_COMMENTS = YES;
				CLANG_WARN_EMPTY_BODY = YES;
				CLANG_WARN_ENUM_CONVERSION = YES;
				CLANG_WARN_INFINITE_RECURSION = YES;
				CLANG_WARN_INT_CONVERSION = YES;
				CLANG_WARN_NON_LITERAL_NULL_CONVERSION = YES;
				CLANG_WARN_OBJC_IMPLICIT_RETAIN_SELF = YES;
				CLANG_WARN_OBJC_LITERAL_CONVERSION = YES;
				CLANG_WARN_OBJC_ROOT_CLASS = YES_ERROR;
				CLANG_WARN_QUOTED_INCLUDE_IN_FRAMEWORK_HEADER = YES;
				CLANG_WARN_RANGE_LOOP_ANALYSIS = YES;
				CLANG_WARN_STRICT_PROTOTYPES = YES;
				CLANG_WARN_SUSPICIOUS_MOVE = YES;
				CLANG_WARN_UNGUARDED_AVAILABILITY = YES_AGGRESSIVE;
				CLANG_WARN_UNREACHABLE_CODE = YES;
				CLANG_WARN__DUPLICATE_METHOD_MATCH = YES;
				COPY_PHASE_STRIP = NO;
				DEBUG_INFORMATION_FORMAT = dwarf;
				ENABLE_STRICT_OBJC_MSGSEND = YES;
				ENABLE_TESTABILITY = YES;
				GCC_C_LANGUAGE_STANDARD = gnu11;
				GCC_DYNAMIC_NO_PIC = NO;
				GCC_NO_COMMON_BLOCKS = YES;
				GCC_OPTIMIZATION_LEVEL = 0;
				GCC_PREPROCESSOR_DEFINITIONS = (
					"DEBUG=1",
					"$(inherited)",
				);
				GCC_WARN_64_TO_32_BIT_CONVERSION = YES;
				GCC_WARN_ABOUT_RETURN_TYPE = YES_ERROR;
				GCC_WARN_UNDECLARED_SELECTOR = YES;
				GCC_WARN_UNINITIALIZED_AUTOS = YES_AGGRESSIVE;
				GCC_WARN_UNUSED_FUNCTION = YES;
				GCC_WARN_UNUSED_VARIABLE = YES;
				IPHONEOS_DEPLOYMENT_TARGET = 16.0;
				MTL_ENABLE_DEBUG_INFO = INCLUDE_SOURCE;
				MTL_FAST_MATH = YES;
				ONLY_ACTIVE_ARCH = YES;
				SDKROOT = iphoneos;
				SWIFT_ACTIVE_COMPILATION_CONDITIONS = DEBUG;
				SWIFT_OPTIMIZATION_LEVEL = "-Onone";
			};
			name = Debug;
		};
		FC1248FC29FFEFCA006A5668 /* Release */ = {
			isa = XCBuildConfiguration;
			buildSettings = {
				ALWAYS_SEARCH_USER_PATHS = NO;
				CLANG_ANALYZER_NONNULL = YES;
				CLANG_ANALYZER_NUMBER_OBJECT_CONVERSION = YES_AGGRESSIVE;
				CLANG_CXX_LANGUAGE_STANDARD = "gnu++20";
				CLANG_ENABLE_MODULES = YES;
				CLANG_ENABLE_OBJC_ARC = YES;
				CLANG_ENABLE_OBJC_WEAK = YES;
				CLANG_WARN_BLOCK_CAPTURE_AUTORELEASING = YES;
				CLANG_WARN_BOOL_CONVERSION = YES;
				CLANG_WARN_COMMA = YES;
				CLANG_WARN_CONSTANT_CONVERSION = YES;
				CLANG_WARN_DEPRECATED_OBJC_IMPLEMENTATIONS = YES;
				CLANG_WARN_DIRECT_OBJC_ISA_USAGE = YES_ERROR;
				CLANG_WARN_DOCUMENTATION_COMMENTS = YES;
				CLANG_WARN_EMPTY_BODY = YES;
				CLANG_WARN_ENUM_CONVERSION = YES;
				CLANG_WARN_INFINITE_RECURSION = YES;
				CLANG_WARN_INT_CONVERSION = YES;
				CLANG_WARN_NON_LITERAL_NULL_CONVERSION = YES;
				CLANG_WARN_OBJC_IMPLICIT_RETAIN_SELF = YES;
				CLANG_WARN_OBJC_LITERAL_CONVERSION = YES;
				CLANG_WARN_OBJC_ROOT_CLASS = YES_ERROR;
				CLANG_WARN_QUOTED_INCLUDE_IN_FRAMEWORK_HEADER = YES;
				CLANG_WARN_RANGE_LOOP_ANALYSIS = YES;
				CLANG_WARN_STRICT_PROTOTYPES = YES;
				CLANG_WARN_SUSPICIOUS_MOVE = YES;
				CLANG_WARN_UNGUARDED_AVAILABILITY = YES_AGGRESSIVE;
				CLANG_WARN_UNREACHABLE_CODE = YES;
				CLANG_WARN__DUPLICATE_METHOD_MATCH = YES;
				COPY_PHASE_STRIP = NO;
				DEBUG_INFORMATION_FORMAT = "dwarf-with-dsym";
				ENABLE_NS_ASSERTIONS = NO;
				ENABLE_STRICT_OBJC_MSGSEND = YES;
				GCC_C_LANGUAGE_STANDARD = gnu11;
				GCC_NO_COMMON_BLOCKS = YES;
				GCC_WARN_64_TO_32_BIT_CONVERSION = YES;
				GCC_WARN_ABOUT_RETURN_TYPE = YES_ERROR;
				GCC_WARN_UNDECLARED_SELECTOR = YES;
				GCC_WARN_UNINITIALIZED_AUTOS = YES_AGGRESSIVE;
				GCC_WARN_UNUSED_FUNCTION = YES;
				GCC_WARN_UNUSED_VARIABLE = YES;
				IPHONEOS_DEPLOYMENT_TARGET = 16.0;
				MTL_ENABLE_DEBUG_INFO = NO;
				MTL_FAST_MATH = YES;
				SDKROOT = iphoneos;
				SWIFT_COMPILATION_MODE = wholemodule;
				SWIFT_OPTIMIZATION_LEVEL = "-O";
				VALIDATE_PRODUCT = YES;
			};
			name = Release;
		};
		FC1248FE29FFEFCA006A5668 /* Debug */ = {
			isa = XCBuildConfiguration;
			baseConfigurationReference = 5D30D2C4CAE973664B67954D /* Pods-Read and Learn.debug.xcconfig */;
			buildSettings = {
				ASSETCATALOG_COMPILER_APPICON_NAME = AppIcon;
				ASSETCATALOG_COMPILER_GLOBAL_ACCENT_COLOR_NAME = AccentColor;
				CODE_SIGN_STYLE = Automatic;
				CURRENT_PROJECT_VERSION = 1;
				DEVELOPMENT_ASSET_PATHS = "\"Read and Learn/Preview Content\"";
				DEVELOPMENT_TEAM = 2YP97L48F7;
				ENABLE_PREVIEWS = YES;
				GENERATE_INFOPLIST_FILE = YES;
				INFOPLIST_KEY_NSMicrophoneUsageDescription = "We need access to your microphone to conduct recording sessions";
				INFOPLIST_KEY_UIApplicationSceneManifest_Generation = YES;
				INFOPLIST_KEY_UIApplicationSupportsIndirectInputEvents = YES;
				INFOPLIST_KEY_UILaunchScreen_Generation = YES;
				INFOPLIST_KEY_UIStatusBarStyle = "";
				INFOPLIST_KEY_UISupportedInterfaceOrientations = UIInterfaceOrientationPortrait;
				INFOPLIST_KEY_UISupportedInterfaceOrientations_iPad = "UIInterfaceOrientationLandscapeLeft UIInterfaceOrientationLandscapeRight UIInterfaceOrientationPortrait UIInterfaceOrientationPortraitUpsideDown";
				IPHONEOS_DEPLOYMENT_TARGET = 16.0;
				LD_RUNPATH_SEARCH_PATHS = (
					"$(inherited)",
					"@executable_path/Frameworks",
				);
				MARKETING_VERSION = 1.0;
				PRODUCT_BUNDLE_IDENTIFIER = "com.ReadandLearn.Read-and-Learn";
				PRODUCT_NAME = "$(TARGET_NAME)";
				SUPPORTED_PLATFORMS = "iphoneos iphonesimulator";
				SUPPORTS_MACCATALYST = NO;
				SUPPORTS_MAC_DESIGNED_FOR_IPHONE_IPAD = NO;
				SWIFT_EMIT_LOC_STRINGS = YES;
				SWIFT_VERSION = 5.0;
				TARGETED_DEVICE_FAMILY = "1,2";
			};
			name = Debug;
		};
		FC1248FF29FFEFCA006A5668 /* Release */ = {
			isa = XCBuildConfiguration;
			baseConfigurationReference = BCB9C59A0EC935A694CA9C07 /* Pods-Read and Learn.release.xcconfig */;
			buildSettings = {
				ASSETCATALOG_COMPILER_APPICON_NAME = AppIcon;
				ASSETCATALOG_COMPILER_GLOBAL_ACCENT_COLOR_NAME = AccentColor;
				CODE_SIGN_STYLE = Automatic;
				CURRENT_PROJECT_VERSION = 1;
				DEVELOPMENT_ASSET_PATHS = "\"Read and Learn/Preview Content\"";
				DEVELOPMENT_TEAM = 2YP97L48F7;
				ENABLE_PREVIEWS = YES;
				GENERATE_INFOPLIST_FILE = YES;
				INFOPLIST_KEY_NSMicrophoneUsageDescription = "We need access to your microphone to conduct recording sessions";
				INFOPLIST_KEY_UIApplicationSceneManifest_Generation = YES;
				INFOPLIST_KEY_UIApplicationSupportsIndirectInputEvents = YES;
				INFOPLIST_KEY_UILaunchScreen_Generation = YES;
				INFOPLIST_KEY_UIStatusBarStyle = "";
				INFOPLIST_KEY_UISupportedInterfaceOrientations = UIInterfaceOrientationPortrait;
				INFOPLIST_KEY_UISupportedInterfaceOrientations_iPad = "UIInterfaceOrientationLandscapeLeft UIInterfaceOrientationLandscapeRight UIInterfaceOrientationPortrait UIInterfaceOrientationPortraitUpsideDown";
				IPHONEOS_DEPLOYMENT_TARGET = 16.0;
				LD_RUNPATH_SEARCH_PATHS = (
					"$(inherited)",
					"@executable_path/Frameworks",
				);
				MARKETING_VERSION = 1.0;
				PRODUCT_BUNDLE_IDENTIFIER = "com.ReadandLearn.Read-and-Learn";
				PRODUCT_NAME = "$(TARGET_NAME)";
				SUPPORTED_PLATFORMS = "iphoneos iphonesimulator";
				SUPPORTS_MACCATALYST = NO;
				SUPPORTS_MAC_DESIGNED_FOR_IPHONE_IPAD = NO;
				SWIFT_EMIT_LOC_STRINGS = YES;
				SWIFT_VERSION = 5.0;
				TARGETED_DEVICE_FAMILY = "1,2";
			};
			name = Release;
		};
/* End XCBuildConfiguration section */

/* Begin XCConfigurationList section */
		FC1248EA29FFEFC9006A5668 /* Build configuration list for PBXProject "Read and Learn" */ = {
			isa = XCConfigurationList;
			buildConfigurations = (
				FC1248FB29FFEFCA006A5668 /* Debug */,
				FC1248FC29FFEFCA006A5668 /* Release */,
			);
			defaultConfigurationIsVisible = 0;
			defaultConfigurationName = Release;
		};
		FC1248FD29FFEFCA006A5668 /* Build configuration list for PBXNativeTarget "Read and Learn" */ = {
			isa = XCConfigurationList;
			buildConfigurations = (
				FC1248FE29FFEFCA006A5668 /* Debug */,
				FC1248FF29FFEFCA006A5668 /* Release */,
			);
			defaultConfigurationIsVisible = 0;
			defaultConfigurationName = Release;
		};
/* End XCConfigurationList section */

/* Begin XCRemoteSwiftPackageReference section */
		100D63A22A4854F500A67C4F /* XCRemoteSwiftPackageReference "DesignSystem" */ = {
			isa = XCRemoteSwiftPackageReference;
			repositoryURL = "https://github.com/Mohsenqaysi/DesignSystem";
			requirement = {
				branch = main;
				kind = branch;
			};
		};
		1070496F2A4DE5DC0060C8D2 /* XCRemoteSwiftPackageReference "WrappingHStack" */ = {
			isa = XCRemoteSwiftPackageReference;
			repositoryURL = "https://github.com/ksemianov/WrappingHStack";
			requirement = {
				branch = main;
				kind = branch;
			};
		};
		1078536B2A57120200FE5B33 /* XCRemoteSwiftPackageReference "ActivityIndicatorView" */ = {
			isa = XCRemoteSwiftPackageReference;
			repositoryURL = "https://github.com/exyte/ActivityIndicatorView";
			requirement = {
				kind = exactVersion;
				version = 1.1.1;
			};
		};
		10FAAECD2A5234CE00CB547E /* XCRemoteSwiftPackageReference "AnimatedWaveform" */ = {
			isa = XCRemoteSwiftPackageReference;
			repositoryURL = "https://github.com/Wavemaster111188/AnimatedWaveform";
			requirement = {
				branch = main;
				kind = branch;
			};
		};
/* End XCRemoteSwiftPackageReference section */

/* Begin XCSwiftPackageProductDependency section */
		100D63A32A4854F500A67C4F /* DesignSystem */ = {
			isa = XCSwiftPackageProductDependency;
			package = 100D63A22A4854F500A67C4F /* XCRemoteSwiftPackageReference "DesignSystem" */;
			productName = DesignSystem;
		};
		107049702A4DE5DC0060C8D2 /* WrappingHStack */ = {
			isa = XCSwiftPackageProductDependency;
			package = 1070496F2A4DE5DC0060C8D2 /* XCRemoteSwiftPackageReference "WrappingHStack" */;
			productName = WrappingHStack;
		};
		1078536C2A57120200FE5B33 /* ActivityIndicatorView */ = {
			isa = XCSwiftPackageProductDependency;
			package = 1078536B2A57120200FE5B33 /* XCRemoteSwiftPackageReference "ActivityIndicatorView" */;
			productName = ActivityIndicatorView;
		};
		10FAAECE2A5234CE00CB547E /* AnimatedWaveform */ = {
			isa = XCSwiftPackageProductDependency;
			package = 10FAAECD2A5234CE00CB547E /* XCRemoteSwiftPackageReference "AnimatedWaveform" */;
			productName = AnimatedWaveform;
		};
		FC12490829FFF262006A5668 /* DesignSystem */ = {
			isa = XCSwiftPackageProductDependency;
			productName = DesignSystem;
		};
/* End XCSwiftPackageProductDependency section */
	};
	rootObject = FC1248E729FFEFC9006A5668 /* Project object */;
}
