// !$*UTF8*$!
{
	archiveVersion = 1;
	classes = {
	};
	objectVersion = 56;
	objects = {

/* Begin PBXBuildFile section */
		FC1248F329FFEFC9006A5668 /* Read_and_LearnApp.swift in Sources */ = {isa = PBXBuildFile; fileRef = FC1248F229FFEFC9006A5668 /* Read_and_LearnApp.swift */; };
		FC1248F529FFEFC9006A5668 /* MainView.swift in Sources */ = {isa = PBXBuildFile; fileRef = FC1248F429FFEFC9006A5668 /* MainView.swift */; };
		FC1248F729FFEFCA006A5668 /* Assets.xcassets in Resources */ = {isa = PBXBuildFile; fileRef = FC1248F629FFEFCA006A5668 /* Assets.xcassets */; };
		FC1248FA29FFEFCA006A5668 /* Preview Assets.xcassets in Resources */ = {isa = PBXBuildFile; fileRef = FC1248F929FFEFCA006A5668 /* Preview Assets.xcassets */; };
		FC12490229FFF065006A5668 /* MainViewModel.swift in Sources */ = {isa = PBXBuildFile; fileRef = FC12490129FFF065006A5668 /* MainViewModel.swift */; };
		FC12490429FFF08F006A5668 /* TabBarItem.swift in Sources */ = {isa = PBXBuildFile; fileRef = FC12490329FFF08F006A5668 /* TabBarItem.swift */; };
		FC12490929FFF262006A5668 /* DesignSystem in Frameworks */ = {isa = PBXBuildFile; productRef = FC12490829FFF262006A5668 /* DesignSystem */; };
		FC1D5FD32A28C5EE0056413A /* DetailsViewModel.swift in Sources */ = {isa = PBXBuildFile; fileRef = FC1D5FD22A28C5EE0056413A /* DetailsViewModel.swift */; };
		FC1D5FD52A28C6060056413A /* DetailsView.swift in Sources */ = {isa = PBXBuildFile; fileRef = FC1D5FD42A28C6060056413A /* DetailsView.swift */; };
		FC7B9F8429FFF8A5003DC39A /* HomeView.swift in Sources */ = {isa = PBXBuildFile; fileRef = FC7B9F8329FFF8A5003DC39A /* HomeView.swift */; };
		FC7B9F8629FFF9F9003DC39A /* HomeViewModel.swift in Sources */ = {isa = PBXBuildFile; fileRef = FC7B9F8529FFF9F9003DC39A /* HomeViewModel.swift */; };
/* End PBXBuildFile section */

/* Begin PBXFileReference section */
		FC1248EF29FFEFC9006A5668 /* Read and Learn.app */ = {isa = PBXFileReference; explicitFileType = wrapper.application; includeInIndex = 0; path = "Read and Learn.app"; sourceTree = BUILT_PRODUCTS_DIR; };
		FC1248F229FFEFC9006A5668 /* Read_and_LearnApp.swift */ = {isa = PBXFileReference; lastKnownFileType = sourcecode.swift; path = Read_and_LearnApp.swift; sourceTree = "<group>"; };
		FC1248F429FFEFC9006A5668 /* MainView.swift */ = {isa = PBXFileReference; lastKnownFileType = sourcecode.swift; path = MainView.swift; sourceTree = "<group>"; };
		FC1248F629FFEFCA006A5668 /* Assets.xcassets */ = {isa = PBXFileReference; lastKnownFileType = folder.assetcatalog; path = Assets.xcassets; sourceTree = "<group>"; };
		FC1248F929FFEFCA006A5668 /* Preview Assets.xcassets */ = {isa = PBXFileReference; lastKnownFileType = folder.assetcatalog; path = "Preview Assets.xcassets"; sourceTree = "<group>"; };
		FC12490129FFF065006A5668 /* MainViewModel.swift */ = {isa = PBXFileReference; lastKnownFileType = sourcecode.swift; path = MainViewModel.swift; sourceTree = "<group>"; };
		FC12490329FFF08F006A5668 /* TabBarItem.swift */ = {isa = PBXFileReference; lastKnownFileType = sourcecode.swift; path = TabBarItem.swift; sourceTree = "<group>"; };
		FC12490629FFF20C006A5668 /* DesignSystem */ = {isa = PBXFileReference; lastKnownFileType = wrapper; name = DesignSystem; path = ../../DesignSystem; sourceTree = "<group>"; };
		FC1D5FD22A28C5EE0056413A /* DetailsViewModel.swift */ = {isa = PBXFileReference; lastKnownFileType = sourcecode.swift; path = DetailsViewModel.swift; sourceTree = "<group>"; };
		FC1D5FD42A28C6060056413A /* DetailsView.swift */ = {isa = PBXFileReference; lastKnownFileType = sourcecode.swift; path = DetailsView.swift; sourceTree = "<group>"; };
		FC7B9F8329FFF8A5003DC39A /* HomeView.swift */ = {isa = PBXFileReference; lastKnownFileType = sourcecode.swift; path = HomeView.swift; sourceTree = "<group>"; };
		FC7B9F8529FFF9F9003DC39A /* HomeViewModel.swift */ = {isa = PBXFileReference; lastKnownFileType = sourcecode.swift; path = HomeViewModel.swift; sourceTree = "<group>"; };
/* End PBXFileReference section */

/* Begin PBXFrameworksBuildPhase section */
		FC1248EC29FFEFC9006A5668 /* Frameworks */ = {
			isa = PBXFrameworksBuildPhase;
			buildActionMask = 2147483647;
			files = (
				FC12490929FFF262006A5668 /* DesignSystem in Frameworks */,
			);
			runOnlyForDeploymentPostprocessing = 0;
		};
/* End PBXFrameworksBuildPhase section */

/* Begin PBXGroup section */
		FC1248E629FFEFC9006A5668 = {
			isa = PBXGroup;
			children = (
				FC12490529FFF20C006A5668 /* Packages */,
				FC1248F129FFEFC9006A5668 /* Read and Learn */,
				FC1248F029FFEFC9006A5668 /* Products */,
				FC12490729FFF262006A5668 /* Frameworks */,
			);
			sourceTree = "<group>";
		};
		FC1248F029FFEFC9006A5668 /* Products */ = {
			isa = PBXGroup;
			children = (
				FC1248EF29FFEFC9006A5668 /* Read and Learn.app */,
			);
			name = Products;
			sourceTree = "<group>";
		};
		FC1248F129FFEFC9006A5668 /* Read and Learn */ = {
			isa = PBXGroup;
			children = (
				FC1248F229FFEFC9006A5668 /* Read_and_LearnApp.swift */,
				FC12490029FFF057006A5668 /* MainView */,
				FC1248F629FFEFCA006A5668 /* Assets.xcassets */,
				FC1248F829FFEFCA006A5668 /* Preview Content */,
			);
			path = "Read and Learn";
			sourceTree = "<group>";
		};
		FC1248F829FFEFCA006A5668 /* Preview Content */ = {
			isa = PBXGroup;
			children = (
				FC1248F929FFEFCA006A5668 /* Preview Assets.xcassets */,
			);
			path = "Preview Content";
			sourceTree = "<group>";
		};
		FC12490029FFF057006A5668 /* MainView */ = {
			isa = PBXGroup;
			children = (
				FC1D5FD12A28C5E20056413A /* Details View */,
				FC7B9F8229FFF899003DC39A /* HomeView */,
				FC1248F429FFEFC9006A5668 /* MainView.swift */,
				FC12490129FFF065006A5668 /* MainViewModel.swift */,
				FC12490329FFF08F006A5668 /* TabBarItem.swift */,
			);
			path = MainView;
			sourceTree = "<group>";
		};
		FC12490529FFF20C006A5668 /* Packages */ = {
			isa = PBXGroup;
			children = (
				FC12490629FFF20C006A5668 /* DesignSystem */,
			);
			name = Packages;
			sourceTree = "<group>";
		};
		FC12490729FFF262006A5668 /* Frameworks */ = {
			isa = PBXGroup;
			children = (
			);
			name = Frameworks;
			sourceTree = "<group>";
		};
		FC1D5FD12A28C5E20056413A /* Details View */ = {
			isa = PBXGroup;
			children = (
				FC1D5FD22A28C5EE0056413A /* DetailsViewModel.swift */,
				FC1D5FD42A28C6060056413A /* DetailsView.swift */,
			);
			path = "Details View";
			sourceTree = "<group>";
		};
		FC7B9F8229FFF899003DC39A /* HomeView */ = {
			isa = PBXGroup;
			children = (
				FC7B9F8329FFF8A5003DC39A /* HomeView.swift */,
				FC7B9F8529FFF9F9003DC39A /* HomeViewModel.swift */,
			);
			path = HomeView;
			sourceTree = "<group>";
		};
/* End PBXGroup section */

/* Begin PBXNativeTarget section */
		FC1248EE29FFEFC9006A5668 /* Read and Learn */ = {
			isa = PBXNativeTarget;
			buildConfigurationList = FC1248FD29FFEFCA006A5668 /* Build configuration list for PBXNativeTarget "Read and Learn" */;
			buildPhases = (
				FC1248EB29FFEFC9006A5668 /* Sources */,
				FC1248EC29FFEFC9006A5668 /* Frameworks */,
				FC1248ED29FFEFC9006A5668 /* Resources */,
			);
			buildRules = (
			);
			dependencies = (
			);
			name = "Read and Learn";
			packageProductDependencies = (
				FC12490829FFF262006A5668 /* DesignSystem */,
			);
			productName = "Read and Learn";
			productReference = FC1248EF29FFEFC9006A5668 /* Read and Learn.app */;
			productType = "com.apple.product-type.application";
		};
/* End PBXNativeTarget section */

/* Begin PBXProject section */
		FC1248E729FFEFC9006A5668 /* Project object */ = {
			isa = PBXProject;
			attributes = {
				BuildIndependentTargetsInParallel = 1;
				LastSwiftUpdateCheck = 1410;
				LastUpgradeCheck = 1410;
				TargetAttributes = {
					FC1248EE29FFEFC9006A5668 = {
						CreatedOnToolsVersion = 14.1;
					};
				};
			};
			buildConfigurationList = FC1248EA29FFEFC9006A5668 /* Build configuration list for PBXProject "Read and Learn" */;
			compatibilityVersion = "Xcode 14.0";
			developmentRegion = en;
			hasScannedForEncodings = 0;
			knownRegions = (
				en,
				Base,
			);
			mainGroup = FC1248E629FFEFC9006A5668;
			productRefGroup = FC1248F029FFEFC9006A5668 /* Products */;
			projectDirPath = "";
			projectRoot = "";
			targets = (
				FC1248EE29FFEFC9006A5668 /* Read and Learn */,
			);
		};
/* End PBXProject section */

/* Begin PBXResourcesBuildPhase section */
		FC1248ED29FFEFC9006A5668 /* Resources */ = {
			isa = PBXResourcesBuildPhase;
			buildActionMask = 2147483647;
			files = (
				FC1248FA29FFEFCA006A5668 /* Preview Assets.xcassets in Resources */,
				FC1248F729FFEFCA006A5668 /* Assets.xcassets in Resources */,
			);
			runOnlyForDeploymentPostprocessing = 0;
		};
/* End PBXResourcesBuildPhase section */

/* Begin PBXSourcesBuildPhase section */
		FC1248EB29FFEFC9006A5668 /* Sources */ = {
			isa = PBXSourcesBuildPhase;
			buildActionMask = 2147483647;
			files = (
				FC1248F529FFEFC9006A5668 /* MainView.swift in Sources */,
				FC7B9F8629FFF9F9003DC39A /* HomeViewModel.swift in Sources */,
				FC1248F329FFEFC9006A5668 /* Read_and_LearnApp.swift in Sources */,
				FC12490429FFF08F006A5668 /* TabBarItem.swift in Sources */,
				FC1D5FD32A28C5EE0056413A /* DetailsViewModel.swift in Sources */,
				FC1D5FD52A28C6060056413A /* DetailsView.swift in Sources */,
				FC7B9F8429FFF8A5003DC39A /* HomeView.swift in Sources */,
				FC12490229FFF065006A5668 /* MainViewModel.swift in Sources */,
			);
			runOnlyForDeploymentPostprocessing = 0;
		};
/* End PBXSourcesBuildPhase section */

/* Begin XCBuildConfiguration section */
		FC1248FB29FFEFCA006A5668 /* Debug */ = {
			isa = XCBuildConfiguration;
			buildSettings = {
				ALWAYS_SEARCH_USER_PATHS = NO;
				CLANG_ANALYZER_NONNULL = YES;
				CLANG_ANALYZER_NUMBER_OBJECT_CONVERSION = YES_AGGRESSIVE;
				CLANG_CXX_LANGUAGE_STANDARD = "gnu++20";
				CLANG_ENABLE_MODULES = YES;
				CLANG_ENABLE_OBJC_ARC = YES;
				CLANG_ENABLE_OBJC_WEAK = YES;
				CLANG_WARN_BLOCK_CAPTURE_AUTORELEASING = YES;
				CLANG_WARN_BOOL_CONVERSION = YES;
				CLANG_WARN_COMMA = YES;
				CLANG_WARN_CONSTANT_CONVERSION = YES;
				CLANG_WARN_DEPRECATED_OBJC_IMPLEMENTATIONS = YES;
				CLANG_WARN_DIRECT_OBJC_ISA_USAGE = YES_ERROR;
				CLANG_WARN_DOCUMENTATION_COMMENTS = YES;
				CLANG_WARN_EMPTY_BODY = YES;
				CLANG_WARN_ENUM_CONVERSION = YES;
				CLANG_WARN_INFINITE_RECURSION = YES;
				CLANG_WARN_INT_CONVERSION = YES;
				CLANG_WARN_NON_LITERAL_NULL_CONVERSION = YES;
				CLANG_WARN_OBJC_IMPLICIT_RETAIN_SELF = YES;
				CLANG_WARN_OBJC_LITERAL_CONVERSION = YES;
				CLANG_WARN_OBJC_ROOT_CLASS = YES_ERROR;
				CLANG_WARN_QUOTED_INCLUDE_IN_FRAMEWORK_HEADER = YES;
				CLANG_WARN_RANGE_LOOP_ANALYSIS = YES;
				CLANG_WARN_STRICT_PROTOTYPES = YES;
				CLANG_WARN_SUSPICIOUS_MOVE = YES;
				CLANG_WARN_UNGUARDED_AVAILABILITY = YES_AGGRESSIVE;
				CLANG_WARN_UNREACHABLE_CODE = YES;
				CLANG_WARN__DUPLICATE_METHOD_MATCH = YES;
				COPY_PHASE_STRIP = NO;
				DEBUG_INFORMATION_FORMAT = dwarf;
				ENABLE_STRICT_OBJC_MSGSEND = YES;
				ENABLE_TESTABILITY = YES;
				GCC_C_LANGUAGE_STANDARD = gnu11;
				GCC_DYNAMIC_NO_PIC = NO;
				GCC_NO_COMMON_BLOCKS = YES;
				GCC_OPTIMIZATION_LEVEL = 0;
				GCC_PREPROCESSOR_DEFINITIONS = (
					"DEBUG=1",
					"$(inherited)",
				);
				GCC_WARN_64_TO_32_BIT_CONVERSION = YES;
				GCC_WARN_ABOUT_RETURN_TYPE = YES_ERROR;
				GCC_WARN_UNDECLARED_SELECTOR = YES;
				GCC_WARN_UNINITIALIZED_AUTOS = YES_AGGRESSIVE;
				GCC_WARN_UNUSED_FUNCTION = YES;
				GCC_WARN_UNUSED_VARIABLE = YES;
				IPHONEOS_DEPLOYMENT_TARGET = 16.1;
				MTL_ENABLE_DEBUG_INFO = INCLUDE_SOURCE;
				MTL_FAST_MATH = YES;
				ONLY_ACTIVE_ARCH = YES;
				SDKROOT = iphoneos;
				SWIFT_ACTIVE_COMPILATION_CONDITIONS = DEBUG;
				SWIFT_OPTIMIZATION_LEVEL = "-Onone";
			};
			name = Debug;
		};
		FC1248FC29FFEFCA006A5668 /* Release */ = {
			isa = XCBuildConfiguration;
			buildSettings = {
				ALWAYS_SEARCH_USER_PATHS = NO;
				CLANG_ANALYZER_NONNULL = YES;
				CLANG_ANALYZER_NUMBER_OBJECT_CONVERSION = YES_AGGRESSIVE;
				CLANG_CXX_LANGUAGE_STANDARD = "gnu++20";
				CLANG_ENABLE_MODULES = YES;
				CLANG_ENABLE_OBJC_ARC = YES;
				CLANG_ENABLE_OBJC_WEAK = YES;
				CLANG_WARN_BLOCK_CAPTURE_AUTORELEASING = YES;
				CLANG_WARN_BOOL_CONVERSION = YES;
				CLANG_WARN_COMMA = YES;
				CLANG_WARN_CONSTANT_CONVERSION = YES;
				CLANG_WARN_DEPRECATED_OBJC_IMPLEMENTATIONS = YES;
				CLANG_WARN_DIRECT_OBJC_ISA_USAGE = YES_ERROR;
				CLANG_WARN_DOCUMENTATION_COMMENTS = YES;
				CLANG_WARN_EMPTY_BODY = YES;
				CLANG_WARN_ENUM_CONVERSION = YES;
				CLANG_WARN_INFINITE_RECURSION = YES;
				CLANG_WARN_INT_CONVERSION = YES;
				CLANG_WARN_NON_LITERAL_NULL_CONVERSION = YES;
				CLANG_WARN_OBJC_IMPLICIT_RETAIN_SELF = YES;
				CLANG_WARN_OBJC_LITERAL_CONVERSION = YES;
				CLANG_WARN_OBJC_ROOT_CLASS = YES_ERROR;
				CLANG_WARN_QUOTED_INCLUDE_IN_FRAMEWORK_HEADER = YES;
				CLANG_WARN_RANGE_LOOP_ANALYSIS = YES;
				CLANG_WARN_STRICT_PROTOTYPES = YES;
				CLANG_WARN_SUSPICIOUS_MOVE = YES;
				CLANG_WARN_UNGUARDED_AVAILABILITY = YES_AGGRESSIVE;
				CLANG_WARN_UNREACHABLE_CODE = YES;
				CLANG_WARN__DUPLICATE_METHOD_MATCH = YES;
				COPY_PHASE_STRIP = NO;
				DEBUG_INFORMATION_FORMAT = "dwarf-with-dsym";
				ENABLE_NS_ASSERTIONS = NO;
				ENABLE_STRICT_OBJC_MSGSEND = YES;
				GCC_C_LANGUAGE_STANDARD = gnu11;
				GCC_NO_COMMON_BLOCKS = YES;
				GCC_WARN_64_TO_32_BIT_CONVERSION = YES;
				GCC_WARN_ABOUT_RETURN_TYPE = YES_ERROR;
				GCC_WARN_UNDECLARED_SELECTOR = YES;
				GCC_WARN_UNINITIALIZED_AUTOS = YES_AGGRESSIVE;
				GCC_WARN_UNUSED_FUNCTION = YES;
				GCC_WARN_UNUSED_VARIABLE = YES;
				IPHONEOS_DEPLOYMENT_TARGET = 16.1;
				MTL_ENABLE_DEBUG_INFO = NO;
				MTL_FAST_MATH = YES;
				SDKROOT = iphoneos;
				SWIFT_COMPILATION_MODE = wholemodule;
				SWIFT_OPTIMIZATION_LEVEL = "-O";
				VALIDATE_PRODUCT = YES;
			};
			name = Release;
		};
		FC1248FE29FFEFCA006A5668 /* Debug */ = {
			isa = XCBuildConfiguration;
			buildSettings = {
				ASSETCATALOG_COMPILER_APPICON_NAME = AppIcon;
				ASSETCATALOG_COMPILER_GLOBAL_ACCENT_COLOR_NAME = AccentColor;
				CODE_SIGN_STYLE = Automatic;
				CURRENT_PROJECT_VERSION = 1;
				DEVELOPMENT_ASSET_PATHS = "\"Read and Learn/Preview Content\"";
				DEVELOPMENT_TEAM = 5D3TFHKB64;
				ENABLE_PREVIEWS = YES;
				GENERATE_INFOPLIST_FILE = YES;
				INFOPLIST_KEY_UIApplicationSceneManifest_Generation = YES;
				INFOPLIST_KEY_UIApplicationSupportsIndirectInputEvents = YES;
				INFOPLIST_KEY_UILaunchScreen_Generation = YES;
				INFOPLIST_KEY_UISupportedInterfaceOrientations = UIInterfaceOrientationPortrait;
				INFOPLIST_KEY_UISupportedInterfaceOrientations_iPad = "UIInterfaceOrientationLandscapeLeft UIInterfaceOrientationLandscapeRight UIInterfaceOrientationPortrait UIInterfaceOrientationPortraitUpsideDown";
				LD_RUNPATH_SEARCH_PATHS = (
					"$(inherited)",
					"@executable_path/Frameworks",
				);
				MARKETING_VERSION = 1.0;
				PRODUCT_BUNDLE_IDENTIFIER = "com.ReadandLearn.Read-and-Learn";
				PRODUCT_NAME = "$(TARGET_NAME)";
				SUPPORTED_PLATFORMS = "iphoneos iphonesimulator";
				SUPPORTS_MACCATALYST = NO;
				SUPPORTS_MAC_DESIGNED_FOR_IPHONE_IPAD = NO;
				SWIFT_EMIT_LOC_STRINGS = YES;
				SWIFT_VERSION = 5.0;
				TARGETED_DEVICE_FAMILY = 1;
			};
			name = Debug;
		};
		FC1248FF29FFEFCA006A5668 /* Release */ = {
			isa = XCBuildConfiguration;
			buildSettings = {
				ASSETCATALOG_COMPILER_APPICON_NAME = AppIcon;
				ASSETCATALOG_COMPILER_GLOBAL_ACCENT_COLOR_NAME = AccentColor;
				CODE_SIGN_STYLE = Automatic;
				CURRENT_PROJECT_VERSION = 1;
				DEVELOPMENT_ASSET_PATHS = "\"Read and Learn/Preview Content\"";
				DEVELOPMENT_TEAM = 5D3TFHKB64;
				ENABLE_PREVIEWS = YES;
				GENERATE_INFOPLIST_FILE = YES;
				INFOPLIST_KEY_UIApplicationSceneManifest_Generation = YES;
				INFOPLIST_KEY_UIApplicationSupportsIndirectInputEvents = YES;
				INFOPLIST_KEY_UILaunchScreen_Generation = YES;
				INFOPLIST_KEY_UISupportedInterfaceOrientations = UIInterfaceOrientationPortrait;
				INFOPLIST_KEY_UISupportedInterfaceOrientations_iPad = "UIInterfaceOrientationLandscapeLeft UIInterfaceOrientationLandscapeRight UIInterfaceOrientationPortrait UIInterfaceOrientationPortraitUpsideDown";
				LD_RUNPATH_SEARCH_PATHS = (
					"$(inherited)",
					"@executable_path/Frameworks",
				);
				MARKETING_VERSION = 1.0;
				PRODUCT_BUNDLE_IDENTIFIER = "com.ReadandLearn.Read-and-Learn";
				PRODUCT_NAME = "$(TARGET_NAME)";
				SUPPORTED_PLATFORMS = "iphoneos iphonesimulator";
				SUPPORTS_MACCATALYST = NO;
				SUPPORTS_MAC_DESIGNED_FOR_IPHONE_IPAD = NO;
				SWIFT_EMIT_LOC_STRINGS = YES;
				SWIFT_VERSION = 5.0;
				TARGETED_DEVICE_FAMILY = 1;
			};
			name = Release;
		};
/* End XCBuildConfiguration section */

/* Begin XCConfigurationList section */
		FC1248EA29FFEFC9006A5668 /* Build configuration list for PBXProject "Read and Learn" */ = {
			isa = XCConfigurationList;
			buildConfigurations = (
				FC1248FB29FFEFCA006A5668 /* Debug */,
				FC1248FC29FFEFCA006A5668 /* Release */,
			);
			defaultConfigurationIsVisible = 0;
			defaultConfigurationName = Release;
		};
		FC1248FD29FFEFCA006A5668 /* Build configuration list for PBXNativeTarget "Read and Learn" */ = {
			isa = XCConfigurationList;
			buildConfigurations = (
				FC1248FE29FFEFCA006A5668 /* Debug */,
				FC1248FF29FFEFCA006A5668 /* Release */,
			);
			defaultConfigurationIsVisible = 0;
			defaultConfigurationName = Release;
		};
/* End XCConfigurationList section */

/* Begin XCSwiftPackageProductDependency section */
		FC12490829FFF262006A5668 /* DesignSystem */ = {
			isa = XCSwiftPackageProductDependency;
			productName = DesignSystem;
		};
/* End XCSwiftPackageProductDependency section */
	};
	rootObject = FC1248E729FFEFC9006A5668 /* Project object */;
}
